
Microsoft Visual Studio Solution File, Format Version 12.00
# Visual Studio 15
VisualStudioVersion = 15.0.27428.2002
MinimumVisualStudioVersion = 10.0.40219.1
Project("{F184B08F-C81C-45F6-A57F-5ABD9991F28F}") = "BSApplicationProfiler", "BSApplicationProfiler\BSApplicationProfiler.vbproj", "{0346AA64-AB25-4BA7-8D94-47AAE7064CCD}"
	ProjectSection(ProjectDependencies) = postProject
		{1287000F-6DE8-4383-BFD5-0F079107536E} = {1287000F-6DE8-4383-BFD5-0F079107536E}
		{D06A0283-9816-4A37-82BD-71700CD3CC46} = {D06A0283-9816-4A37-82BD-71700CD3CC46}
		{9A7E70D8-E9D3-440A-85F9-EBBEB8100DFE} = {9A7E70D8-E9D3-440A-85F9-EBBEB8100DFE}
		{8CF972E2-70D6-4D41-AC64-14E65CAB29EB} = {8CF972E2-70D6-4D41-AC64-14E65CAB29EB}
	EndProjectSection
EndProject
Project("{F184B08F-C81C-45F6-A57F-5ABD9991F28F}") = "BSAP_AppMonitor", "BSAP_AppMonitor\BSAP_AppMonitor.vbproj", "{D06A0283-9816-4A37-82BD-71700CD3CC46}"
EndProject
Project("{F184B08F-C81C-45F6-A57F-5ABD9991F28F}") = "BSAP_Service", "BSAP_Service\BSAP_Service.vbproj", "{9A7E70D8-E9D3-440A-85F9-EBBEB8100DFE}"
EndProject
Project("{54435603-DBB4-11D2-8724-00A0C9A8B90C}") = "BSAP_Installer", "BSAP_Installer\BSAP_Installer.vdproj", "{A4E86E52-DF7E-4E2F-B636-377CA605D2FD}"
	ProjectSection(ProjectDependencies) = postProject
		{1287000F-6DE8-4383-BFD5-0F079107536E} = {1287000F-6DE8-4383-BFD5-0F079107536E}
		{0346AA64-AB25-4BA7-8D94-47AAE7064CCD} = {0346AA64-AB25-4BA7-8D94-47AAE7064CCD}
		{D06A0283-9816-4A37-82BD-71700CD3CC46} = {D06A0283-9816-4A37-82BD-71700CD3CC46}
		{9A7E70D8-E9D3-440A-85F9-EBBEB8100DFE} = {9A7E70D8-E9D3-440A-85F9-EBBEB8100DFE}
		{8CF972E2-70D6-4D41-AC64-14E65CAB29EB} = {8CF972E2-70D6-4D41-AC64-14E65CAB29EB}
	EndProjectSection
EndProject
Project("{F184B08F-C81C-45F6-A57F-5ABD9991F28F}") = "BSAP_Config", "BSAP_Config\BSAP_Config.vbproj", "{1287000F-6DE8-4383-BFD5-0F079107536E}"
EndProject
Project("{F184B08F-C81C-45F6-A57F-5ABD9991F28F}") = "BSAP_DataDump", "BSAP_DataDump\BSAP_DataDump.vbproj", "{8CF972E2-70D6-4D41-AC64-14E65CAB29EB}"
EndProject
Project("{54435603-DBB4-11D2-8724-00A0C9A8B90C}") = "BSAP_WebUI_Installer", "BSAP_WebUI_Installer\BSAP_WebUI_Installer.vdproj", "{8CC6A09B-3F61-47F7-8ED2-BC3B282D0DC8}"
	ProjectSection(ProjectDependencies) = postProject
		{CD8E53D2-B177-494B-AE08-1CEEF98E43D7} = {CD8E53D2-B177-494B-AE08-1CEEF98E43D7}
	EndProjectSection
EndProject
Project("{F184B08F-C81C-45F6-A57F-5ABD9991F28F}") = "BSAP_UI_WebForms", "BSAP_UI_WebForms\BSAP_UI_WebForms\BSAP_UI_WebForms.vbproj", "{CD8E53D2-B177-494B-AE08-1CEEF98E43D7}"
EndProject
Project("{F184B08F-C81C-45F6-A57F-5ABD9991F28F}") = "BSAP_MonitorService", "BSAP_MonitorService\BSAP_MonitorService.vbproj", "{477C4739-0723-4865-B055-F882E7FEF6A9}"
EndProject
Project("{F184B08F-C81C-45F6-A57F-5ABD9991F28F}") = "BSAP_ProjectMonitor", "BSAP_ProjectMonitor\BSAP_ProjectMonitor.vbproj", "{4ABD8811-94D2-4481-9BD6-285AC8FBD67A}"
EndProject
Project("{FAE04EC0-301F-11D3-BF4B-00C04F79EFBC}") = "BSAP_SubProcessMonitor", "BSAP_SubProcessMonitor\BSAP_SubProcessMonitor.csproj", "{4C14245A-CBD3-473A-85F3-8D2469C59EE4}"
EndProject
Project("{FAE04EC0-301F-11D3-BF4B-00C04F79EFBC}") = "BSAP_SubAppMonitor", "BSAP_SubAppMonitor\BSAP_SubAppMonitor.csproj", "{24ABC037-413B-4BEF-A0A5-4A18B9F3C9E8}"
EndProject
Project("{F184B08F-C81C-45F6-A57F-5ABD9991F28F}") = "BurnSoft.Universal", "..\BurnSoft.Universal\BurnSoft.Universal\BurnSoft.Universal.vbproj", "{FEA68F73-AED1-4AF3-A5C9-7541C70F886F}"
EndProject
Global
	GlobalSection(SolutionConfigurationPlatforms) = preSolution
		Debug|Any CPU = Debug|Any CPU
		Release|Any CPU = Release|Any CPU
	EndGlobalSection
	GlobalSection(ProjectConfigurationPlatforms) = postSolution
		{0346AA64-AB25-4BA7-8D94-47AAE7064CCD}.Debug|Any CPU.ActiveCfg = Debug|Any CPU
		{0346AA64-AB25-4BA7-8D94-47AAE7064CCD}.Debug|Any CPU.Build.0 = Debug|Any CPU
		{0346AA64-AB25-4BA7-8D94-47AAE7064CCD}.Release|Any CPU.ActiveCfg = Release|Any CPU
		{0346AA64-AB25-4BA7-8D94-47AAE7064CCD}.Release|Any CPU.Build.0 = Release|Any CPU
		{D06A0283-9816-4A37-82BD-71700CD3CC46}.Debug|Any CPU.ActiveCfg = Debug|Any CPU
		{D06A0283-9816-4A37-82BD-71700CD3CC46}.Debug|Any CPU.Build.0 = Debug|Any CPU
		{D06A0283-9816-4A37-82BD-71700CD3CC46}.Release|Any CPU.ActiveCfg = Release|Any CPU
		{D06A0283-9816-4A37-82BD-71700CD3CC46}.Release|Any CPU.Build.0 = Release|Any CPU
		{9A7E70D8-E9D3-440A-85F9-EBBEB8100DFE}.Debug|Any CPU.ActiveCfg = Debug|Any CPU
		{9A7E70D8-E9D3-440A-85F9-EBBEB8100DFE}.Debug|Any CPU.Build.0 = Debug|Any CPU
		{9A7E70D8-E9D3-440A-85F9-EBBEB8100DFE}.Release|Any CPU.ActiveCfg = Release|Any CPU
		{9A7E70D8-E9D3-440A-85F9-EBBEB8100DFE}.Release|Any CPU.Build.0 = Release|Any CPU
		{A4E86E52-DF7E-4E2F-B636-377CA605D2FD}.Debug|Any CPU.ActiveCfg = Debug
		{A4E86E52-DF7E-4E2F-B636-377CA605D2FD}.Release|Any CPU.ActiveCfg = Release
		{1287000F-6DE8-4383-BFD5-0F079107536E}.Debug|Any CPU.ActiveCfg = Debug|Any CPU
		{1287000F-6DE8-4383-BFD5-0F079107536E}.Debug|Any CPU.Build.0 = Debug|Any CPU
		{1287000F-6DE8-4383-BFD5-0F079107536E}.Release|Any CPU.ActiveCfg = Release|Any CPU
		{1287000F-6DE8-4383-BFD5-0F079107536E}.Release|Any CPU.Build.0 = Release|Any CPU
		{8CF972E2-70D6-4D41-AC64-14E65CAB29EB}.Debug|Any CPU.ActiveCfg = Debug|Any CPU
		{8CF972E2-70D6-4D41-AC64-14E65CAB29EB}.Debug|Any CPU.Build.0 = Debug|Any CPU
		{8CF972E2-70D6-4D41-AC64-14E65CAB29EB}.Release|Any CPU.ActiveCfg = Release|Any CPU
		{8CF972E2-70D6-4D41-AC64-14E65CAB29EB}.Release|Any CPU.Build.0 = Release|Any CPU
		{8CC6A09B-3F61-47F7-8ED2-BC3B282D0DC8}.Debug|Any CPU.ActiveCfg = Debug
		{8CC6A09B-3F61-47F7-8ED2-BC3B282D0DC8}.Release|Any CPU.ActiveCfg = Release
		{CD8E53D2-B177-494B-AE08-1CEEF98E43D7}.Debug|Any CPU.ActiveCfg = Debug|Any CPU
		{CD8E53D2-B177-494B-AE08-1CEEF98E43D7}.Debug|Any CPU.Build.0 = Debug|Any CPU
		{CD8E53D2-B177-494B-AE08-1CEEF98E43D7}.Release|Any CPU.ActiveCfg = Release|Any CPU
		{CD8E53D2-B177-494B-AE08-1CEEF98E43D7}.Release|Any CPU.Build.0 = Release|Any CPU
		{477C4739-0723-4865-B055-F882E7FEF6A9}.Debug|Any CPU.ActiveCfg = Debug|Any CPU
		{477C4739-0723-4865-B055-F882E7FEF6A9}.Debug|Any CPU.Build.0 = Debug|Any CPU
		{477C4739-0723-4865-B055-F882E7FEF6A9}.Release|Any CPU.ActiveCfg = Release|Any CPU
		{477C4739-0723-4865-B055-F882E7FEF6A9}.Release|Any CPU.Build.0 = Release|Any CPU
		{4ABD8811-94D2-4481-9BD6-285AC8FBD67A}.Debug|Any CPU.ActiveCfg = Debug|Any CPU
		{4ABD8811-94D2-4481-9BD6-285AC8FBD67A}.Debug|Any CPU.Build.0 = Debug|Any CPU
		{4ABD8811-94D2-4481-9BD6-285AC8FBD67A}.Release|Any CPU.ActiveCfg = Release|Any CPU
		{4ABD8811-94D2-4481-9BD6-285AC8FBD67A}.Release|Any CPU.Build.0 = Release|Any CPU
		{4C14245A-CBD3-473A-85F3-8D2469C59EE4}.Debug|Any CPU.ActiveCfg = Debug|Any CPU
		{4C14245A-CBD3-473A-85F3-8D2469C59EE4}.Release|Any CPU.ActiveCfg = Release|Any CPU
		{24ABC037-413B-4BEF-A0A5-4A18B9F3C9E8}.Debug|Any CPU.ActiveCfg = Debug|Any CPU
		{24ABC037-413B-4BEF-A0A5-4A18B9F3C9E8}.Debug|Any CPU.Build.0 = Debug|Any CPU
		{24ABC037-413B-4BEF-A0A5-4A18B9F3C9E8}.Release|Any CPU.ActiveCfg = Release|Any CPU
		{24ABC037-413B-4BEF-A0A5-4A18B9F3C9E8}.Release|Any CPU.Build.0 = Release|Any CPU
		{FEA68F73-AED1-4AF3-A5C9-7541C70F886F}.Debug|Any CPU.ActiveCfg = Debug|Any CPU
		{FEA68F73-AED1-4AF3-A5C9-7541C70F886F}.Debug|Any CPU.Build.0 = Debug|Any CPU
		{FEA68F73-AED1-4AF3-A5C9-7541C70F886F}.Release|Any CPU.ActiveCfg = Release|Any CPU
		{FEA68F73-AED1-4AF3-A5C9-7541C70F886F}.Release|Any CPU.Build.0 = Release|Any CPU
	EndGlobalSection
	GlobalSection(SolutionProperties) = preSolution
		HideSolutionNode = FALSE
	EndGlobalSection
	GlobalSection(ExtensibilityGlobals) = postSolution
		SolutionGuid = {ACD8BFFC-2EA6-4C9D-B437-A6CAD863ECE6}
	EndGlobalSection
EndGlobal
